{
  "name": "forteatcher",
  "version": "0.0.1",
  "lockfileVersion": 2,
  "requires": true,
  "packages": {
    "": {
      "name": "forteatcher",
      "version": "0.0.1",
      "license": "ISC"
    }
  }
}

$(document).ready(function() {

  // page is now ready, initialize the calendar...

  $('#calendar').fullCalendar({
      // put your options and callbacks here
  })

});
